
Microsoft Visual Studio Solution File, Format Version 12.00
# Visual Studio Version 17
VisualStudioVersion = 17.5.2.0
MinimumVisualStudioVersion = 10.0.40219.1
Project("{FAE04EC0-301F-11D3-BF4B-00C04F79EFBC}") = "CoreFitness.Presentation", "CoreFitness.Presentation\CoreFitness.Presentation.csproj", "{A42D6227-A87B-B643-682A-7C3858310AAB}"
EndProject
Project("{FAE04EC0-301F-11D3-BF4B-00C04F79EFBC}") = "CoreFitness.Application", "CoreFitness.Application\CoreFitness.Application.csproj", "{DA11F0E5-73D2-4BEB-BE9B-4262E5AE9DF3}"
EndProject
Project("{FAE04EC0-301F-11D3-BF4B-00C04F79EFBC}") = "CoreFitness.Domain", "CoreFitness.Domain\CoreFitness.Domain.csproj", "{8DDCE999-85F1-4EFC-9C10-8ACA3355F013}"
EndProject
Project("{FAE04EC0-301F-11D3-BF4B-00C04F79EFBC}") = "CoreFitness.Infrastructure", "CoreFitness.Infrastructure\CoreFitness.Infrastructure.csproj", "{32C4B45D-590F-438D-871A-D891644EB994}"
EndProject
Project("{2150E333-8FDC-42A3-9474-1A3956D46DE8}") = "Tests", "Tests", "{0AB3BF05-4346-4AA6-1389-037BE0695223}"
EndProject
Project("{FAE04EC0-301F-11D3-BF4B-00C04F79EFBC}") = "CoreFitness.Tests", "Tests\CoreFitness.Tests.csproj", "{A9592632-231F-46C6-A8BA-15EE033A2180}"
EndProject
Global
	GlobalSection(SolutionConfigurationPlatforms) = preSolution
		Debug|Any CPU = Debug|Any CPU
		Debug|x64 = Debug|x64
		Debug|x86 = Debug|x86
		Release|Any CPU = Release|Any CPU
		Release|x64 = Release|x64
		Release|x86 = Release|x86
	EndGlobalSection
	GlobalSection(ProjectConfigurationPlatforms) = postSolution
		{A42D6227-A87B-B643-682A-7C3858310AAB}.Debug|Any CPU.ActiveCfg = Debug|Any CPU
		{A42D6227-A87B-B643-682A-7C3858310AAB}.Debug|Any CPU.Build.0 = Debug|Any CPU
		{A42D6227-A87B-B643-682A-7C3858310AAB}.Debug|x64.ActiveCfg = Debug|Any CPU
		{A42D6227-A87B-B643-682A-7C3858310AAB}.Debug|x64.Build.0 = Debug|Any CPU
		{A42D6227-A87B-B643-682A-7C3858310AAB}.Debug|x86.ActiveCfg = Debug|Any CPU
		{A42D6227-A87B-B643-682A-7C3858310AAB}.Debug|x86.Build.0 = Debug|Any CPU
		{A42D6227-A87B-B643-682A-7C3858310AAB}.Release|Any CPU.ActiveCfg = Release|Any CPU
		{A42D6227-A87B-B643-682A-7C3858310AAB}.Release|Any CPU.Build.0 = Release|Any CPU
		{A42D6227-A87B-B643-682A-7C3858310AAB}.Release|x64.ActiveCfg = Release|Any CPU
		{A42D6227-A87B-B643-682A-7C3858310AAB}.Release|x64.Build.0 = Release|Any CPU
		{A42D6227-A87B-B643-682A-7C3858310AAB}.Release|x86.ActiveCfg = Release|Any CPU
		{A42D6227-A87B-B643-682A-7C3858310AAB}.Release|x86.Build.0 = Release|Any CPU
		{DA11F0E5-73D2-4BEB-BE9B-4262E5AE9DF3}.Debug|Any CPU.ActiveCfg = Debug|Any CPU
		{DA11F0E5-73D2-4BEB-BE9B-4262E5AE9DF3}.Debug|Any CPU.Build.0 = Debug|Any CPU
		{DA11F0E5-73D2-4BEB-BE9B-4262E5AE9DF3}.Debug|x64.ActiveCfg = Debug|Any CPU
		{DA11F0E5-73D2-4BEB-BE9B-4262E5AE9DF3}.Debug|x64.Build.0 = Debug|Any CPU
		{DA11F0E5-73D2-4BEB-BE9B-4262E5AE9DF3}.Debug|x86.ActiveCfg = Debug|Any CPU
		{DA11F0E5-73D2-4BEB-BE9B-4262E5AE9DF3}.Debug|x86.Build.0 = Debug|Any CPU
		{DA11F0E5-73D2-4BEB-BE9B-4262E5AE9DF3}.Release|Any CPU.ActiveCfg = Release|Any CPU
		{DA11F0E5-73D2-4BEB-BE9B-4262E5AE9DF3}.Release|Any CPU.Build.0 = Release|Any CPU
		{DA11F0E5-73D2-4BEB-BE9B-4262E5AE9DF3}.Release|x64.ActiveCfg = Release|Any CPU
		{DA11F0E5-73D2-4BEB-BE9B-4262E5AE9DF3}.Release|x64.Build.0 = Release|Any CPU
		{DA11F0E5-73D2-4BEB-BE9B-4262E5AE9DF3}.Release|x86.ActiveCfg = Release|Any CPU
		{DA11F0E5-73D2-4BEB-BE9B-4262E5AE9DF3}.Release|x86.Build.0 = Release|Any CPU
		{8DDCE999-85F1-4EFC-9C10-8ACA3355F013}.Debug|Any CPU.ActiveCfg = Debug|Any CPU
		{8DDCE999-85F1-4EFC-9C10-8ACA3355F013}.Debug|Any CPU.Build.0 = Debug|Any CPU
		{8DDCE999-85F1-4EFC-9C10-8ACA3355F013}.Debug|x64.ActiveCfg = Debug|Any CPU
		{8DDCE999-85F1-4EFC-9C10-8ACA3355F013}.Debug|x64.Build.0 = Debug|Any CPU
		{8DDCE999-85F1-4EFC-9C10-8ACA3355F013}.Debug|x86.ActiveCfg = Debug|Any CPU
		{8DDCE999-85F1-4EFC-9C10-8ACA3355F013}.Debug|x86.Build.0 = Debug|Any CPU
		{8DDCE999-85F1-4EFC-9C10-8ACA3355F013}.Release|Any CPU.ActiveCfg = Release|Any CPU
		{8DDCE999-85F1-4EFC-9C10-8ACA3355F013}.Release|Any CPU.Build.0 = Release|Any CPU
		{8DDCE999-85F1-4EFC-9C10-8ACA3355F013}.Release|x64.ActiveCfg = Release|Any CPU
		{8DDCE999-85F1-4EFC-9C10-8ACA3355F013}.Release|x64.Build.0 = Release|Any CPU
		{8DDCE999-85F1-4EFC-9C10-8ACA3355F013}.Release|x86.ActiveCfg = Release|Any CPU
		{8DDCE999-85F1-4EFC-9C10-8ACA3355F013}.Release|x86.Build.0 = Release|Any CPU
		{32C4B45D-590F-438D-871A-D891644EB994}.Debug|Any CPU.ActiveCfg = Debug|Any CPU
		{32C4B45D-590F-438D-871A-D891644EB994}.Debug|Any CPU.Build.0 = Debug|Any CPU
		{32C4B45D-590F-438D-871A-D891644EB994}.Debug|x64.ActiveCfg = Debug|Any CPU
		{32C4B45D-590F-438D-871A-D891644EB994}.Debug|x64.Build.0 = Debug|Any CPU
		{32C4B45D-590F-438D-871A-D891644EB994}.Debug|x86.ActiveCfg = Debug|Any CPU
		{32C4B45D-590F-438D-871A-D891644EB994}.Debug|x86.Build.0 = Debug|Any CPU
		{32C4B45D-590F-438D-871A-D891644EB994}.Release|Any CPU.ActiveCfg = Release|Any CPU
		{32C4B45D-590F-438D-871A-D891644EB994}.Release|Any CPU.Build.0 = Release|Any CPU
		{32C4B45D-590F-438D-871A-D891644EB994}.Release|x64.ActiveCfg = Release|Any CPU
		{32C4B45D-590F-438D-871A-D891644EB994}.Release|x64.Build.0 = Release|Any CPU
		{32C4B45D-590F-438D-871A-D891644EB994}.Release|x86.ActiveCfg = Release|Any CPU
		{32C4B45D-590F-438D-871A-D891644EB994}.Release|x86.Build.0 = Release|Any CPU
		{A9592632-231F-46C6-A8BA-15EE033A2180}.Debug|Any CPU.ActiveCfg = Debug|Any CPU
		{A9592632-231F-46C6-A8BA-15EE033A2180}.Debug|Any CPU.Build.0 = Debug|Any CPU
		{A9592632-231F-46C6-A8BA-15EE033A2180}.Debug|x64.ActiveCfg = Debug|Any CPU
		{A9592632-231F-46C6-A8BA-15EE033A2180}.Debug|x64.Build.0 = Debug|Any CPU
		{A9592632-231F-46C6-A8BA-15EE033A2180}.Debug|x86.ActiveCfg = Debug|Any CPU
		{A9592632-231F-46C6-A8BA-15EE033A2180}.Debug|x86.Build.0 = Debug|Any CPU
		{A9592632-231F-46C6-A8BA-15EE033A2180}.Release|Any CPU.ActiveCfg = Release|Any CPU
		{A9592632-231F-46C6-A8BA-15EE033A2180}.Release|Any CPU.Build.0 = Release|Any CPU
		{A9592632-231F-46C6-A8BA-15EE033A2180}.Release|x64.ActiveCfg = Release|Any CPU
		{A9592632-231F-46C6-A8BA-15EE033A2180}.Release|x64.Build.0 = Release|Any CPU
		{A9592632-231F-46C6-A8BA-15EE033A2180}.Release|x86.ActiveCfg = Release|Any CPU
		{A9592632-231F-46C6-A8BA-15EE033A2180}.Release|x86.Build.0 = Release|Any CPU
	EndGlobalSection
	GlobalSection(SolutionProperties) = preSolution
		HideSolutionNode = FALSE
	EndGlobalSection
	GlobalSection(NestedProjects) = preSolution
		{A9592632-231F-46C6-A8BA-15EE033A2180} = {0AB3BF05-4346-4AA6-1389-037BE0695223}
	EndGlobalSection
	GlobalSection(ExtensibilityGlobals) = postSolution
		SolutionGuid = {D5F8DB46-F415-482C-82B1-94427DF636F6}
	EndGlobalSection
EndGlobal
